
Microsoft Visual Studio Solution File, Format Version 12.00
# Visual Studio Version 16
VisualStudioVersion = 16.0.29709.97
MinimumVisualStudioVersion = 10.0.40219.1
Project("{FAE04EC0-301F-11D3-BF4B-00C04F79EFBC}") = "AlgebraStringSolve", "AlgebraStringSolve\AlgebraStringSolve.csproj", "{8BEE2A46-682F-433D-800E-F3E8AECC4E9A}"
EndProject
Global
	GlobalSection(SolutionConfigurationPlatforms) = preSolution
		Debug|Any CPU = Debug|Any CPU
		Release|Any CPU = Release|Any CPU
	EndGlobalSection
	GlobalSection(ProjectConfigurationPlatforms) = postSolution
		{8BEE2A46-682F-433D-800E-F3E8AECC4E9A}.Debug|Any CPU.ActiveCfg = Debug|Any CPU
		{8BEE2A46-682F-433D-800E-F3E8AECC4E9A}.Debug|Any CPU.Build.0 = Debug|Any CPU
		{8BEE2A46-682F-433D-800E-F3E8AECC4E9A}.Release|Any CPU.ActiveCfg = Release|Any CPU
		{8BEE2A46-682F-433D-800E-F3E8AECC4E9A}.Release|Any CPU.Build.0 = Release|Any CPU
	EndGlobalSection
	GlobalSection(SolutionProperties) = preSolution
		HideSolutionNode = FALSE
	EndGlobalSection
	GlobalSection(ExtensibilityGlobals) = postSolution
		SolutionGuid = {12D0C709-935F-46EC-9D8E-EFE97966692B}
	EndGlobalSection
EndGlobal
